# THIS IS AN AUTOGENERATED FILE. DO NOT EDIT THIS FILE DIRECTLY.
# yarn lockfile v1


async-limiter@~1.0.0:
  version "1.0.0"
  resolved "https://registry.yarnpkg.com/async-limiter/-/async-limiter-1.0.0.tgz#78faed8c3d074ab81f22b4e985d79e8738f720f8"

ws@^5.2.3:
  version "5.2.3"
  resolved "https://registry.yarnpkg.com/ws/-/ws-5.2.3.tgz#05541053414921bc29c63bee14b8b0dd50b07b3d"
  dependencies:
    async-limiter "~1.0.0"
